[root]
name = "hello-zinc"
version = "0.1.0"
dependencies = [
 "core 1.0.0 (git+https://github.com/hackndev/rust-libcore.git)",
 "macro_zinc 0.1.0 (git+https://github.com/hackndev/zinc.git)",
 "zinc 0.1.0 (git+https://github.com/hackndev/zinc.git)",
]

[[package]]
name = "core"
version = "1.0.0"
source = "git+https://github.com/hackndev/rust-libcore.git#d9dc4f94163a78efb4da176db6bd4ba82b2ac93e"

[[package]]
name = "ioreg"
version = "0.1.0"
source = "git+https://github.com/hackndev/zinc.git#b55adef3afefb5a6ff8bbfca3b4c0588740c599a"
dependencies = [
 "syntaxext_lint 0.1.1 (registry+https://github.com/rust-lang/crates.io-index)",
]

[[package]]
name = "macro_zinc"
version = "0.1.0"
source = "git+https://github.com/hackndev/zinc.git#b55adef3afefb5a6ff8bbfca3b4c0588740c599a"

[[package]]
name = "rlibc"
version = "0.1.3"
source = "git+https://github.com/hackndev/rlibc?branch=zinc#0acbe22bbb9fd79052f41524811a7349e2663f52"
dependencies = [
 "core 1.0.0 (git+https://github.com/hackndev/rust-libcore.git)",
]

[[package]]
name = "syntaxext_lint"
version = "0.1.1"
source = "registry+https://github.com/rust-lang/crates.io-index"

[[package]]
name = "volatile_cell"
version = "1.0.0"
source = "git+https://github.com/hackndev/zinc.git#b55adef3afefb5a6ff8bbfca3b4c0588740c599a"
dependencies = [
 "core 1.0.0 (git+https://github.com/hackndev/rust-libcore.git)",
]

[[package]]
name = "zinc"
version = "0.1.0"
source = "git+https://github.com/hackndev/zinc.git#b55adef3afefb5a6ff8bbfca3b4c0588740c599a"
dependencies = [
 "core 1.0.0 (git+https://github.com/hackndev/rust-libcore.git)",
 "ioreg 0.1.0 (git+https://github.com/hackndev/zinc.git)",
 "rlibc 0.1.3 (git+https://github.com/hackndev/rlibc?branch=zinc)",
 "volatile_cell 1.0.0 (git+https://github.com/hackndev/zinc.git)",
]

